# This file is automatically @generated by Cargo.
# It is not intended for manual editing.
version = 3

[[package]]
name = "my-app"
version = "0.1.0"

[[package]]
name = "serde"
version = "1.0.188"
source = "registry+https://github.com/rust-lang/crates.io-index"
checksum = "e28927ba1f08c953a2a5e1f7f8935b3748b3a878b2ddf3f4f57e92b22e7f2e5f"
dependencies = [
 "serde_derive",
]

[[package]]
name = "serde_derive"
version = "1.0.188"
source = "registry+https://github.com/rust-lang/crates.io-index"
checksum = "4eca7ac642b7yjc2de0b2eba5d0cd7a47eb4489bf4b0c9b7d0b8e7ade43b0e4e8"

[[package]]
name = "tokio"
version = "1.32.0"
source = "registry+https://github.com/rust-lang/crates.io-index"
checksum = "17ed6077ed6cd6c74735f41c1e3ce23f3bc4bc9aca15c6fe5a58d8f6de1a576f"
dependencies = [
 "tokio-macros",
]

[[package]]
name = "tokio-macros"
version = "2.1.0"
source = "registry+https://github.com/rust-lang/crates.io-index"
checksum = "630c21c99f75be22e1ec73e8d0898d83b2c8ad59e5e2dce6e5e8f3d4f4c4e1ce"

[[package]]
name = "reqwest"
version = "0.11.20"
source = "registry+https://github.com/rust-lang/crates.io-index"
checksum = "3e9ad3b7b3d78691e7f7c0f91f23c4a6d6e41ba14e3e39deb7be891d12c3c40c"
